
Microsoft Visual Studio Solution File, Format Version 12.00
# Visual Studio Version 17
VisualStudioVersion = 17.10.35013.160
MinimumVisualStudioVersion = 10.0.40219.1
Project("{9A19103F-16F7-4668-BE54-9A1E7A4F7556}") = "SOLID", "SOLID\SOLID.csproj", "{62AB7C3F-4308-4258-BCB6-EFC223333347}"
EndProject
Project("{9A19103F-16F7-4668-BE54-9A1E7A4F7556}") = "SOLID.UseCases.Tests", "SOLID.UseCases.Tests\SOLID.UseCases.Tests.csproj", "{8A0D95DA-DE9F-46D2-96E3-65F6EF3B1B87}"
EndProject
Project("{2150E333-8FDC-42A3-9474-1A3956D46DE8}") = "src", "src", "{774B9795-0223-4547-A436-344593B3E08A}"
EndProject
Project("{2150E333-8FDC-42A3-9474-1A3956D46DE8}") = "Adapters", "Adapters", "{49ACE55E-0510-4B27-9159-38B25F001382}"
EndProject
Project("{2150E333-8FDC-42A3-9474-1A3956D46DE8}") = "Core", "Core", "{35DA921B-EDDA-4C61-8365-EB126EBB638F}"
EndProject
Project("{FAE04EC0-301F-11D3-BF4B-00C04F79EFBC}") = "Solid.Domain", "Domain\Solid.Domain.csproj", "{57C36F56-FEFB-4504-AAFF-0F4F643556A2}"
EndProject
Project("{FAE04EC0-301F-11D3-BF4B-00C04F79EFBC}") = "Solid.Infrastructure", "Solid.Infrastructure\Solid.Infrastructure.csproj", "{8BBACF46-812D-436F-8C6C-F4E3A99302D5}"
EndProject
Project("{FAE04EC0-301F-11D3-BF4B-00C04F79EFBC}") = "Solid.Application", "Solid.Application\Solid.Application.csproj", "{638E671A-4CBB-4B3D-A659-88F538FE6EC3}"
EndProject
Project("{2150E333-8FDC-42A3-9474-1A3956D46DE8}") = "Tests", "Tests", "{033D9693-B08E-4D5C-8E48-3FE84458FE07}"
EndProject
Global
	GlobalSection(SolutionConfigurationPlatforms) = preSolution
		Debug|Any CPU = Debug|Any CPU
		Release|Any CPU = Release|Any CPU
	EndGlobalSection
	GlobalSection(ProjectConfigurationPlatforms) = postSolution
		{62AB7C3F-4308-4258-BCB6-EFC223333347}.Debug|Any CPU.ActiveCfg = Debug|Any CPU
		{62AB7C3F-4308-4258-BCB6-EFC223333347}.Debug|Any CPU.Build.0 = Debug|Any CPU
		{62AB7C3F-4308-4258-BCB6-EFC223333347}.Release|Any CPU.ActiveCfg = Release|Any CPU
		{62AB7C3F-4308-4258-BCB6-EFC223333347}.Release|Any CPU.Build.0 = Release|Any CPU
		{8A0D95DA-DE9F-46D2-96E3-65F6EF3B1B87}.Debug|Any CPU.ActiveCfg = Debug|Any CPU
		{8A0D95DA-DE9F-46D2-96E3-65F6EF3B1B87}.Debug|Any CPU.Build.0 = Debug|Any CPU
		{8A0D95DA-DE9F-46D2-96E3-65F6EF3B1B87}.Release|Any CPU.ActiveCfg = Release|Any CPU
		{8A0D95DA-DE9F-46D2-96E3-65F6EF3B1B87}.Release|Any CPU.Build.0 = Release|Any CPU
		{57C36F56-FEFB-4504-AAFF-0F4F643556A2}.Debug|Any CPU.ActiveCfg = Debug|Any CPU
		{57C36F56-FEFB-4504-AAFF-0F4F643556A2}.Debug|Any CPU.Build.0 = Debug|Any CPU
		{57C36F56-FEFB-4504-AAFF-0F4F643556A2}.Release|Any CPU.ActiveCfg = Release|Any CPU
		{57C36F56-FEFB-4504-AAFF-0F4F643556A2}.Release|Any CPU.Build.0 = Release|Any CPU
		{8BBACF46-812D-436F-8C6C-F4E3A99302D5}.Debug|Any CPU.ActiveCfg = Debug|Any CPU
		{8BBACF46-812D-436F-8C6C-F4E3A99302D5}.Debug|Any CPU.Build.0 = Debug|Any CPU
		{8BBACF46-812D-436F-8C6C-F4E3A99302D5}.Release|Any CPU.ActiveCfg = Release|Any CPU
		{8BBACF46-812D-436F-8C6C-F4E3A99302D5}.Release|Any CPU.Build.0 = Release|Any CPU
		{638E671A-4CBB-4B3D-A659-88F538FE6EC3}.Debug|Any CPU.ActiveCfg = Debug|Any CPU
		{638E671A-4CBB-4B3D-A659-88F538FE6EC3}.Debug|Any CPU.Build.0 = Debug|Any CPU
		{638E671A-4CBB-4B3D-A659-88F538FE6EC3}.Release|Any CPU.ActiveCfg = Release|Any CPU
		{638E671A-4CBB-4B3D-A659-88F538FE6EC3}.Release|Any CPU.Build.0 = Release|Any CPU
	EndGlobalSection
	GlobalSection(SolutionProperties) = preSolution
		HideSolutionNode = FALSE
	EndGlobalSection
	GlobalSection(NestedProjects) = preSolution
		{62AB7C3F-4308-4258-BCB6-EFC223333347} = {49ACE55E-0510-4B27-9159-38B25F001382}
		{8A0D95DA-DE9F-46D2-96E3-65F6EF3B1B87} = {033D9693-B08E-4D5C-8E48-3FE84458FE07}
		{49ACE55E-0510-4B27-9159-38B25F001382} = {774B9795-0223-4547-A436-344593B3E08A}
		{35DA921B-EDDA-4C61-8365-EB126EBB638F} = {774B9795-0223-4547-A436-344593B3E08A}
		{57C36F56-FEFB-4504-AAFF-0F4F643556A2} = {35DA921B-EDDA-4C61-8365-EB126EBB638F}
		{8BBACF46-812D-436F-8C6C-F4E3A99302D5} = {35DA921B-EDDA-4C61-8365-EB126EBB638F}
		{638E671A-4CBB-4B3D-A659-88F538FE6EC3} = {35DA921B-EDDA-4C61-8365-EB126EBB638F}
	EndGlobalSection
	GlobalSection(ExtensibilityGlobals) = postSolution
		SolutionGuid = {40B0C0C6-1FBC-4284-92EA-016022E9B4EF}
	EndGlobalSection
EndGlobal
